{
  "nodes": {
    "GeorgeHoneywood-alta-typst": {
      "flake": false,
      "locked": {
        "lastModified": 1682014202,
        "narHash": "sha256-nyGxNTrBSUo9UwHtCcogg1NVEE/3apJiZEewRJWiJbU=",
        "owner": "GeorgeHoneywood",
        "repo": "alta-typst",
        "rev": "5e4853e445bbccaa47d8c3dc0cf8d1fec3903919",
        "type": "github"
      },
      "original": {
        "owner": "GeorgeHoneywood",
        "repo": "alta-typst",
        "type": "github"
      }
    },
    "PgBiel-typst-tablex": {
      "flake": false,
      "locked": {
        "lastModified": 1682195902,
        "narHash": "sha256-hMWbWG0Lt8gOeox05GFBYb2eVNnMhCbPydm4Tk8UBlQ=",
        "owner": "PgBiel",
        "repo": "typst-tablex",
        "rev": "ab02f0c272ef4e94965771ba6cb7d2d5b38910fe",
        "type": "github"
      },
      "original": {
        "owner": "PgBiel",
        "repo": "typst-tablex",
        "type": "github"
      }
    },
    "andreasKroepelin-typst-slides": {
      "flake": false,
      "locked": {
        "lastModified": 1682160249,
        "narHash": "sha256-i3Krog8VDbrvvQC5ul1RJuWO6jMQXd+5fKvfAJYF8Gw=",
        "owner": "andreasKroepelin",
        "repo": "typst-slides",
        "rev": "64405822081caabad856d2b272e76b3b9c54fe86",
        "type": "github"
      },
      "original": {
        "owner": "andreasKroepelin",
        "repo": "typst-slides",
        "type": "github"
      }
    },
    "flake-compat": {
      "flake": false,
      "locked": {
        "lastModified": 1673956053,
        "narHash": "sha256-4gtG9iQuiKITOjNQQeQIpoIB6b16fm+504Ch3sNKLd8=",
        "owner": "edolstra",
        "repo": "flake-compat",
        "rev": "35bb57c0c8d8b62bbfd284272c928ceb64ddbde9",
        "type": "github"
      },
      "original": {
        "owner": "edolstra",
        "repo": "flake-compat",
        "type": "github"
      }
    },
    "flake-parts": {
      "inputs": {
        "nixpkgs-lib": "nixpkgs-lib"
      },
      "locked": {
        "lastModified": 1680392223,
        "narHash": "sha256-n3g7QFr85lDODKt250rkZj2IFS3i4/8HBU2yKHO3tqw=",
        "owner": "hercules-ci",
        "repo": "flake-parts",
        "rev": "dcc36e45d054d7bb554c9cdab69093debd91a0b5",
        "type": "github"
      },
      "original": {
        "id": "flake-parts",
        "type": "indirect"
      }
    },
    "johannes-wolf-typst-plot": {
      "flake": false,
      "locked": {
        "lastModified": 1681266143,
        "narHash": "sha256-oOY8lzy3ElPf6VAf28eotq57vUh540A23m0RxD6/7PU=",
        "owner": "johannes-wolf",
        "repo": "typst-plot",
        "rev": "548125fb9b47085ab748dd1f9aedde0ddc092874",
        "type": "github"
      },
      "original": {
        "owner": "johannes-wolf",
        "repo": "typst-plot",
        "type": "github"
      }
    },
    "johanvx-typst-undergradmath": {
      "flake": false,
      "locked": {
        "lastModified": 1681836752,
        "narHash": "sha256-K7J8L6BL8tLlW5fZSTigbSM3ptKExgV7W+l8p8wRBb4=",
        "owner": "johanvx",
        "repo": "typst-undergradmath",
        "rev": "7c68c65cf685c43c44be6851c1d95c6520a5be52",
        "type": "github"
      },
      "original": {
        "owner": "johanvx",
        "repo": "typst-undergradmath",
        "type": "github"
      }
    },
    "ludwig-austermann-typst-din-5008-letter": {
      "flake": false,
      "locked": {
        "lastModified": 1680740218,
        "narHash": "sha256-uR6tPYdvHQjnFb7fOeAhrElcTejFZdXRHnKXlvvp5P8=",
        "owner": "ludwig-austermann",
        "repo": "typst-din-5008-letter",
        "rev": "f9bb8e987c0553e1c6ad95d8a07c22480f8dd6a0",
        "type": "github"
      },
      "original": {
        "owner": "ludwig-austermann",
        "repo": "typst-din-5008-letter",
        "type": "github"
      }
    },
    "nixpkgs": {
      "locked": {
        "lastModified": 1682109806,
        "narHash": "sha256-d9g7RKNShMLboTWwukM+RObDWWpHKaqTYXB48clBWXI=",
        "owner": "NixOS",
        "repo": "nixpkgs",
        "rev": "2362848adf8def2866fabbffc50462e929d7fffb",
        "type": "github"
      },
      "original": {
        "owner": "NixOS",
        "ref": "nixpkgs-unstable",
        "repo": "nixpkgs",
        "type": "github"
      }
    },
    "nixpkgs-lib": {
      "locked": {
        "dir": "lib",
        "lastModified": 1680213900,
        "narHash": "sha256-cIDr5WZIj3EkKyCgj/6j3HBH4Jj1W296z7HTcWj1aMA=",
        "owner": "NixOS",
        "repo": "nixpkgs",
        "rev": "e3652e0735fbec227f342712f180f4f21f0594f2",
        "type": "github"
      },
      "original": {
        "dir": "lib",
        "owner": "NixOS",
        "ref": "nixos-unstable",
        "repo": "nixpkgs",
        "type": "github"
      }
    },
    "nixpkgs_2": {
      "locked": {
        "lastModified": 1679262748,
        "narHash": "sha256-DQCrrAFrkxijC6haUzOC5ZoFqpcv/tg2WxnyW3np1Cc=",
        "owner": "nixos",
        "repo": "nixpkgs",
        "rev": "60c1d71f2ba4c80178ec84523c2ca0801522e0a6",
        "type": "github"
      },
      "original": {
        "owner": "nixos",
        "ref": "nixos-unstable",
        "repo": "nixpkgs",
        "type": "github"
      }
    },
    "platformer-typst-algorithms": {
      "flake": false,
      "locked": {
        "lastModified": 1681246571,
        "narHash": "sha256-niz6xC5w8XN15hqd8nyoTZfA8ooo7W8Kh1MAtF8GJlw=",
        "owner": "platformer",
        "repo": "typst-algorithms",
        "rev": "a9f9bbaf486b61fe4ef852c37709a9e7056401f7",
        "type": "github"
      },
      "original": {
        "owner": "platformer",
        "repo": "typst-algorithms",
        "type": "github"
      }
    },
    "pncnmnp-typst-poster": {
      "flake": false,
      "locked": {
        "lastModified": 1681403175,
        "narHash": "sha256-mpO0fz0XMMi4R7LEdH9rLw6QpTSPZmGQgaOfUJbf6Kc=",
        "owner": "pncnmnp",
        "repo": "typst-poster",
        "rev": "ff54bcf9cb303077eea4882b17851ed7d58e6a0f",
        "type": "github"
      },
      "original": {
        "owner": "pncnmnp",
        "repo": "typst-poster",
        "type": "github"
      }
    },
    "root": {
      "inputs": {
        "GeorgeHoneywood-alta-typst": "GeorgeHoneywood-alta-typst",
        "PgBiel-typst-tablex": "PgBiel-typst-tablex",
        "andreasKroepelin-typst-slides": "andreasKroepelin-typst-slides",
        "flake-compat": "flake-compat",
        "flake-parts": "flake-parts",
        "johannes-wolf-typst-plot": "johannes-wolf-typst-plot",
        "johanvx-typst-undergradmath": "johanvx-typst-undergradmath",
        "ludwig-austermann-typst-din-5008-letter": "ludwig-austermann-typst-din-5008-letter",
        "nixpkgs": "nixpkgs",
        "platformer-typst-algorithms": "platformer-typst-algorithms",
        "pncnmnp-typst-poster": "pncnmnp-typst-poster",
        "sahasatvik-typst-theorems": "sahasatvik-typst-theorems",
        "typst": "typst",
        "typst-templates": "typst-templates"
      }
    },
    "sahasatvik-typst-theorems": {
      "flake": false,
      "locked": {
        "lastModified": 1682528738,
        "narHash": "sha256-RJCIiVUUD1toYFwKjmSEkh4T6Y7CJf0anxalE8HPmAU=",
        "owner": "sahasatvik",
        "repo": "typst-theorems",
        "rev": "d09b6ea49a3ac3a550ea734fb7e4ea2d63ba1e05",
        "type": "github"
      },
      "original": {
        "owner": "sahasatvik",
        "repo": "typst-theorems",
        "type": "github"
      }
    },
    "typst": {
      "inputs": {
        "nixpkgs": "nixpkgs_2"
      },
      "locked": {
        "lastModified": 1682534245,
        "narHash": "sha256-vvuhpraGpSxAoPCFz1z4zSPw3P5d+Ookfb1jwGTYep4=",
        "owner": "typst",
        "repo": "typst",
        "rev": "5100046acf0fd31f805506f156c59c635c46cf93",
        "type": "github"
      },
      "original": {
        "owner": "typst",
        "repo": "typst",
        "type": "github"
      }
    },
    "typst-templates": {
      "flake": false,
      "locked": {
        "lastModified": 1682517565,
        "narHash": "sha256-ClvB5mny1SJQX04w6M8h+Gg2A77BiCKVavSAjup4RgY=",
        "owner": "typst",
        "repo": "templates",
        "rev": "7cec678fb6a6782361c79f3ac87c41a8a2b4a0a2",
        "type": "github"
      },
      "original": {
        "owner": "typst",
        "repo": "templates",
        "type": "github"
      }
    }
  },
  "root": "root",
  "version": 7
}
