{
  "nodes": {
    "GeorgeHoneywood-alta-typst": {
      "flake": false,
      "locked": {
        "lastModified": 1680465672,
        "narHash": "sha256-ENpNGCrUM8ET7Dr9M4tYYr41cPQEM/Es/FtO7jHNXoo=",
        "owner": "GeorgeHoneywood",
        "repo": "alta-typst",
        "rev": "e06929636b105ad03fdf9432a3be61e3add1daa9",
        "type": "github"
      },
      "original": {
        "owner": "GeorgeHoneywood",
        "repo": "alta-typst",
        "type": "github"
      }
    },
    "Leedehai-typst-physics": {
      "flake": false,
      "locked": {
        "lastModified": 1681184875,
        "narHash": "sha256-6UgQLCzG6XFXBWb59k1QJ/NUmvtObTGTa4HK1BImsfU=",
        "owner": "Leedehai",
        "repo": "typst-physics",
        "rev": "6773dcccf123ac761c1dc403ecca2fcec9b785ae",
        "type": "github"
      },
      "original": {
        "owner": "Leedehai",
        "repo": "typst-physics",
        "type": "github"
      }
    },
    "andreasKroepelin-typst-slides": {
      "flake": false,
      "locked": {
        "lastModified": 1681126051,
        "narHash": "sha256-vvxPH69i5y/gkfnU6d0A4E8cAzgIjKr1cEOYm3f3KNU=",
        "owner": "andreasKroepelin",
        "repo": "typst-slides",
        "rev": "0d921ad5308f570d3bd2d322f0a822bd08706642",
        "type": "github"
      },
      "original": {
        "owner": "andreasKroepelin",
        "repo": "typst-slides",
        "type": "github"
      }
    },
    "flake-compat": {
      "flake": false,
      "locked": {
        "lastModified": 1673956053,
        "narHash": "sha256-4gtG9iQuiKITOjNQQeQIpoIB6b16fm+504Ch3sNKLd8=",
        "owner": "edolstra",
        "repo": "flake-compat",
        "rev": "35bb57c0c8d8b62bbfd284272c928ceb64ddbde9",
        "type": "github"
      },
      "original": {
        "owner": "edolstra",
        "repo": "flake-compat",
        "type": "github"
      }
    },
    "flake-parts": {
      "inputs": {
        "nixpkgs-lib": "nixpkgs-lib"
      },
      "locked": {
        "lastModified": 1680392223,
        "narHash": "sha256-n3g7QFr85lDODKt250rkZj2IFS3i4/8HBU2yKHO3tqw=",
        "owner": "hercules-ci",
        "repo": "flake-parts",
        "rev": "dcc36e45d054d7bb554c9cdab69093debd91a0b5",
        "type": "github"
      },
      "original": {
        "id": "flake-parts",
        "type": "indirect"
      }
    },
    "johannes-wolf-typst-plot": {
      "flake": false,
      "locked": {
        "lastModified": 1680965587,
        "narHash": "sha256-w9CLTel2GI4/WFSaOnr6AwA/hNHCjD0VeehhWb0Uj8M=",
        "owner": "johannes-wolf",
        "repo": "typst-plot",
        "rev": "26fe875425600fdcaea4c39dc6d64a5a486226ca",
        "type": "github"
      },
      "original": {
        "owner": "johannes-wolf",
        "repo": "typst-plot",
        "type": "github"
      }
    },
    "johanvx-typst-undergradmath": {
      "flake": false,
      "locked": {
        "lastModified": 1681108117,
        "narHash": "sha256-uJjdlJ2I1ik26B87qjhxReUWULEPdeqEY3IMDuGvA1E=",
        "owner": "johanvx",
        "repo": "typst-undergradmath",
        "rev": "65faf7ceaa479ce0f1981008a7f51284eafdd58b",
        "type": "github"
      },
      "original": {
        "owner": "johanvx",
        "repo": "typst-undergradmath",
        "type": "github"
      }
    },
    "ludwig-austermann-typst-din-5008-letter": {
      "flake": false,
      "locked": {
        "lastModified": 1680740218,
        "narHash": "sha256-uR6tPYdvHQjnFb7fOeAhrElcTejFZdXRHnKXlvvp5P8=",
        "owner": "ludwig-austermann",
        "repo": "typst-din-5008-letter",
        "rev": "f9bb8e987c0553e1c6ad95d8a07c22480f8dd6a0",
        "type": "github"
      },
      "original": {
        "owner": "ludwig-austermann",
        "repo": "typst-din-5008-letter",
        "type": "github"
      }
    },
    "nixpkgs": {
      "locked": {
        "lastModified": 1681124868,
        "narHash": "sha256-B93QD0zFE6yc7R5F0bwdhY+y7s5UU9nrlhAAw1OA9mI=",
        "owner": "NixOS",
        "repo": "nixpkgs",
        "rev": "21f48f0d273ef58c46b9b4c14cf5706c72a36e43",
        "type": "github"
      },
      "original": {
        "owner": "NixOS",
        "ref": "nixpkgs-unstable",
        "repo": "nixpkgs",
        "type": "github"
      }
    },
    "nixpkgs-lib": {
      "locked": {
        "dir": "lib",
        "lastModified": 1680213900,
        "narHash": "sha256-cIDr5WZIj3EkKyCgj/6j3HBH4Jj1W296z7HTcWj1aMA=",
        "owner": "NixOS",
        "repo": "nixpkgs",
        "rev": "e3652e0735fbec227f342712f180f4f21f0594f2",
        "type": "github"
      },
      "original": {
        "dir": "lib",
        "owner": "NixOS",
        "ref": "nixos-unstable",
        "repo": "nixpkgs",
        "type": "github"
      }
    },
    "nixpkgs_2": {
      "locked": {
        "lastModified": 1679262748,
        "narHash": "sha256-DQCrrAFrkxijC6haUzOC5ZoFqpcv/tg2WxnyW3np1Cc=",
        "owner": "nixos",
        "repo": "nixpkgs",
        "rev": "60c1d71f2ba4c80178ec84523c2ca0801522e0a6",
        "type": "github"
      },
      "original": {
        "owner": "nixos",
        "ref": "nixos-unstable",
        "repo": "nixpkgs",
        "type": "github"
      }
    },
    "pncnmnp-typst-poster": {
      "flake": false,
      "locked": {
        "lastModified": 1680474350,
        "narHash": "sha256-0HEdT2/RqAELuhVeJ9kfnenUzdCH9Y9GzsZQ4mv94EI=",
        "owner": "pncnmnp",
        "repo": "typst-poster",
        "rev": "9c3b17799eedb7b042ef39f43af36c91f49566ad",
        "type": "github"
      },
      "original": {
        "owner": "pncnmnp",
        "repo": "typst-poster",
        "type": "github"
      }
    },
    "root": {
      "inputs": {
        "GeorgeHoneywood-alta-typst": "GeorgeHoneywood-alta-typst",
        "Leedehai-typst-physics": "Leedehai-typst-physics",
        "andreasKroepelin-typst-slides": "andreasKroepelin-typst-slides",
        "flake-compat": "flake-compat",
        "flake-parts": "flake-parts",
        "johannes-wolf-typst-plot": "johannes-wolf-typst-plot",
        "johanvx-typst-undergradmath": "johanvx-typst-undergradmath",
        "ludwig-austermann-typst-din-5008-letter": "ludwig-austermann-typst-din-5008-letter",
        "nixpkgs": "nixpkgs",
        "pncnmnp-typst-poster": "pncnmnp-typst-poster",
        "sahasatvik-typst-theorems": "sahasatvik-typst-theorems",
        "typst": "typst",
        "typst-templates": "typst-templates"
      }
    },
    "sahasatvik-typst-theorems": {
      "flake": false,
      "locked": {
        "lastModified": 1680189858,
        "narHash": "sha256-l9/mPD3r/155ne/gm51BIqxyaE8SMN7aGkZGzu8q728=",
        "owner": "sahasatvik",
        "repo": "typst-theorems",
        "rev": "3835f2574017bc67d6873b2c1f249be7db0a20de",
        "type": "github"
      },
      "original": {
        "owner": "sahasatvik",
        "repo": "typst-theorems",
        "type": "github"
      }
    },
    "typst": {
      "inputs": {
        "nixpkgs": "nixpkgs_2"
      },
      "locked": {
        "lastModified": 1680860298,
        "narHash": "sha256-aDLg97A+isOBFJMIww2mjVPyTCPSVlguo2tojzms/04=",
        "owner": "typst",
        "repo": "typst",
        "rev": "94e052b8ccace3221aa960b9abe3b3f32b1d894f",
        "type": "github"
      },
      "original": {
        "owner": "typst",
        "repo": "typst",
        "type": "github"
      }
    },
    "typst-templates": {
      "flake": false,
      "locked": {
        "lastModified": 1680729046,
        "narHash": "sha256-oHoc0hpmpL3lzSr/xNj6Rqhb6iD23K9qR6l4yJo0Edk=",
        "owner": "typst",
        "repo": "templates",
        "rev": "ad660bd8022e273493ea908529764f2b52edc0b5",
        "type": "github"
      },
      "original": {
        "owner": "typst",
        "repo": "templates",
        "type": "github"
      }
    }
  },
  "root": "root",
  "version": 7
}
